
Microsoft Visual Studio Solution File, Format Version 12.00
# Visual Studio Version 16
VisualStudioVersion = 16.0.28803.202
MinimumVisualStudioVersion = 10.0.40219.1
Project("{F184B08F-C81C-45F6-A57F-5ABD9991F28F}") = "connect4", "connect4\connect4.vbproj", "{BBFB83E3-0686-4CE0-9A30-721535D91E60}"
EndProject
Global
	GlobalSection(SolutionConfigurationPlatforms) = preSolution
		Debug|Any CPU = Debug|Any CPU
		Release|Any CPU = Release|Any CPU
	EndGlobalSection
	GlobalSection(ProjectConfigurationPlatforms) = postSolution
		{BBFB83E3-0686-4CE0-9A30-721535D91E60}.Debug|Any CPU.ActiveCfg = Debug|Any CPU
		{BBFB83E3-0686-4CE0-9A30-721535D91E60}.Debug|Any CPU.Build.0 = Debug|Any CPU
		{BBFB83E3-0686-4CE0-9A30-721535D91E60}.Release|Any CPU.ActiveCfg = Release|Any CPU
		{BBFB83E3-0686-4CE0-9A30-721535D91E60}.Release|Any CPU.Build.0 = Release|Any CPU
	EndGlobalSection
	GlobalSection(SolutionProperties) = preSolution
		HideSolutionNode = FALSE
	EndGlobalSection
	GlobalSection(ExtensibilityGlobals) = postSolution
		SolutionGuid = {7568BAE9-C604-4925-B6C4-C92CE7F31BE3}
	EndGlobalSection
EndGlobal
